
Microsoft Visual Studio Solution File, Format Version 12.00
# Visual Studio Version 16
VisualStudioVersion = 16.0.31624.102
MinimumVisualStudioVersion = 10.0.40219.1
Project("{FAE04EC0-301F-11D3-BF4B-00C04F79EFBC}") = "lab01", "lab01\lab01.csproj", "{A887E979-7AC9-4ECA-BDBE-3E1F8103DC0B}"
EndProject
Global
	GlobalSection(SolutionConfigurationPlatforms) = preSolution
		Debug|Any CPU = Debug|Any CPU
		Release|Any CPU = Release|Any CPU
	EndGlobalSection
	GlobalSection(ProjectConfigurationPlatforms) = postSolution
		{A887E979-7AC9-4ECA-BDBE-3E1F8103DC0B}.Debug|Any CPU.ActiveCfg = Debug|Any CPU
		{A887E979-7AC9-4ECA-BDBE-3E1F8103DC0B}.Debug|Any CPU.Build.0 = Debug|Any CPU
		{A887E979-7AC9-4ECA-BDBE-3E1F8103DC0B}.Release|Any CPU.ActiveCfg = Release|Any CPU
		{A887E979-7AC9-4ECA-BDBE-3E1F8103DC0B}.Release|Any CPU.Build.0 = Release|Any CPU
	EndGlobalSection
	GlobalSection(SolutionProperties) = preSolution
		HideSolutionNode = FALSE
	EndGlobalSection
	GlobalSection(ExtensibilityGlobals) = postSolution
		SolutionGuid = {A8B79C18-0ACE-4995-934D-5AC5913D2115}
	EndGlobalSection
EndGlobal
